
Microsoft Visual Studio Solution File, Format Version 12.00
# Visual Studio Version 16
VisualStudioVersion = 16.0.32002.261
MinimumVisualStudioVersion = 10.0.40219.1
Project("{FAE04EC0-301F-11D3-BF4B-00C04F79EFBC}") = "TahminOyunu", "TahminOyunu.csproj", "{5A67D911-38BC-45B5-949D-9EF1C6D6B6A1}"
EndProject
Global
	GlobalSection(SolutionConfigurationPlatforms) = preSolution
		Debug|Any CPU = Debug|Any CPU
		Release|Any CPU = Release|Any CPU
	EndGlobalSection
	GlobalSection(ProjectConfigurationPlatforms) = postSolution
		{5A67D911-38BC-45B5-949D-9EF1C6D6B6A1}.Debug|Any CPU.ActiveCfg = Debug|Any CPU
		{5A67D911-38BC-45B5-949D-9EF1C6D6B6A1}.Debug|Any CPU.Build.0 = Debug|Any CPU
		{5A67D911-38BC-45B5-949D-9EF1C6D6B6A1}.Release|Any CPU.ActiveCfg = Release|Any CPU
		{5A67D911-38BC-45B5-949D-9EF1C6D6B6A1}.Release|Any CPU.Build.0 = Release|Any CPU
	EndGlobalSection
	GlobalSection(SolutionProperties) = preSolution
		HideSolutionNode = FALSE
	EndGlobalSection
	GlobalSection(ExtensibilityGlobals) = postSolution
		SolutionGuid = {AE95E587-3011-4819-A0F5-FAF9941F4650}
	EndGlobalSection
EndGlobal
